
Microsoft Visual Studio Solution File, Format Version 12.00
# Visual Studio Version 16
VisualStudioVersion = 16.0.32901.82
MinimumVisualStudioVersion = 10.0.40219.1
Project("{FAE04EC0-301F-11D3-BF4B-00C04F79EFBC}") = "Lab05", "Lab05\Lab05.csproj", "{BBD61D7D-8230-415D-BFC6-CF4AD539DF35}"
EndProject
Global
	GlobalSection(SolutionConfigurationPlatforms) = preSolution
		Debug|Any CPU = Debug|Any CPU
		Release|Any CPU = Release|Any CPU
	EndGlobalSection
	GlobalSection(ProjectConfigurationPlatforms) = postSolution
		{BBD61D7D-8230-415D-BFC6-CF4AD539DF35}.Debug|Any CPU.ActiveCfg = Debug|Any CPU
		{BBD61D7D-8230-415D-BFC6-CF4AD539DF35}.Debug|Any CPU.Build.0 = Debug|Any CPU
		{BBD61D7D-8230-415D-BFC6-CF4AD539DF35}.Release|Any CPU.ActiveCfg = Release|Any CPU
		{BBD61D7D-8230-415D-BFC6-CF4AD539DF35}.Release|Any CPU.Build.0 = Release|Any CPU
	EndGlobalSection
	GlobalSection(SolutionProperties) = preSolution
		HideSolutionNode = FALSE
	EndGlobalSection
	GlobalSection(ExtensibilityGlobals) = postSolution
		SolutionGuid = {656ECD56-E201-4B6A-B406-DA1F38DFB8E0}
	EndGlobalSection
EndGlobal
